
Microsoft Visual Studio Solution File, Format Version 12.00
# Visual Studio Version 16
VisualStudioVersion = 16.0.29519.181
MinimumVisualStudioVersion = 10.0.40219.1
Project("{8BC9CEB8-8B4A-11D0-8D11-00A0C91BC942}") = "main-project", "main-project\main-project.vcxproj", "{79F6D437-75D1-465A-B3D2-0C6F6DD22C51}"
EndProject
Project("{8BC9CEB8-8B4A-11D0-8D11-00A0C91BC942}") = "unit-test-project", "unit-test-project\unit-test-project.vcxproj", "{2BF8B539-2273-4E36-A825-8C80D163BCFF}"
EndProject
Global
	GlobalSection(SolutionConfigurationPlatforms) = preSolution
		Debug|x64 = Debug|x64
		Debug|x86 = Debug|x86
		Release|x64 = Release|x64
		Release|x86 = Release|x86
	EndGlobalSection
	GlobalSection(ProjectConfigurationPlatforms) = postSolution
		{79F6D437-75D1-465A-B3D2-0C6F6DD22C51}.Debug|x64.ActiveCfg = Debug|x64
		{79F6D437-75D1-465A-B3D2-0C6F6DD22C51}.Debug|x64.Build.0 = Debug|x64
		{79F6D437-75D1-465A-B3D2-0C6F6DD22C51}.Debug|x86.ActiveCfg = Debug|Win32
		{79F6D437-75D1-465A-B3D2-0C6F6DD22C51}.Debug|x86.Build.0 = Debug|Win32
		{79F6D437-75D1-465A-B3D2-0C6F6DD22C51}.Release|x64.ActiveCfg = Release|x64
		{79F6D437-75D1-465A-B3D2-0C6F6DD22C51}.Release|x64.Build.0 = Release|x64
		{79F6D437-75D1-465A-B3D2-0C6F6DD22C51}.Release|x86.ActiveCfg = Release|Win32
		{79F6D437-75D1-465A-B3D2-0C6F6DD22C51}.Release|x86.Build.0 = Release|Win32
		{2BF8B539-2273-4E36-A825-8C80D163BCFF}.Debug|x64.ActiveCfg = Debug|x64
		{2BF8B539-2273-4E36-A825-8C80D163BCFF}.Debug|x64.Build.0 = Debug|x64
		{2BF8B539-2273-4E36-A825-8C80D163BCFF}.Debug|x86.ActiveCfg = Debug|Win32
		{2BF8B539-2273-4E36-A825-8C80D163BCFF}.Debug|x86.Build.0 = Debug|Win32
		{2BF8B539-2273-4E36-A825-8C80D163BCFF}.Release|x64.ActiveCfg = Release|x64
		{2BF8B539-2273-4E36-A825-8C80D163BCFF}.Release|x64.Build.0 = Release|x64
		{2BF8B539-2273-4E36-A825-8C80D163BCFF}.Release|x86.ActiveCfg = Release|Win32
		{2BF8B539-2273-4E36-A825-8C80D163BCFF}.Release|x86.Build.0 = Release|Win32
	EndGlobalSection
	GlobalSection(SolutionProperties) = preSolution
		HideSolutionNode = FALSE
	EndGlobalSection
	GlobalSection(ExtensibilityGlobals) = postSolution
		SolutionGuid = {9A70B5AA-4F08-4170-BF53-B14877F114CC}
	EndGlobalSection
EndGlobal
